// !$*UTF8*$!
{
	archiveVersion = 1;
	classes = {
	};
	objectVersion = 46;
	objects = {

/* Begin PBXBuildFile section */
		321752FF1B8C3DAA005CD8C3 /* AppDelegate.swift in Sources */ = {isa = PBXBuildFile; fileRef = 321752FE1B8C3DAA005CD8C3 /* AppDelegate.swift */; };
		321753041B8C3DAA005CD8C3 /* Main.storyboard in Resources */ = {isa = PBXBuildFile; fileRef = 321753021B8C3DAA005CD8C3 /* Main.storyboard */; };
		321753061B8C3DAA005CD8C3 /* Images.xcassets in Resources */ = {isa = PBXBuildFile; fileRef = 321753051B8C3DAA005CD8C3 /* Images.xcassets */; };
		321753091B8C3DAA005CD8C3 /* LaunchScreen.xib in Resources */ = {isa = PBXBuildFile; fileRef = 321753071B8C3DAA005CD8C3 /* LaunchScreen.xib */; };
		321753151B8C3DAA005CD8C3 /* LBTabBarTests.swift in Sources */ = {isa = PBXBuildFile; fileRef = 321753141B8C3DAA005CD8C3 /* LBTabBarTests.swift */; };
		3217531F1B8C3E6E005CD8C3 /* Home_VC.swift in Sources */ = {isa = PBXBuildFile; fileRef = 3217531E1B8C3E6E005CD8C3 /* Home_VC.swift */; };
		321753211B8C401A005CD8C3 /* Class_VC.swift in Sources */ = {isa = PBXBuildFile; fileRef = 321753201B8C401A005CD8C3 /* Class_VC.swift */; };
		321753231B8C404B005CD8C3 /* Brand_VC.swift in Sources */ = {isa = PBXBuildFile; fileRef = 321753221B8C404B005CD8C3 /* Brand_VC.swift */; };
		321753251B8C4087005CD8C3 /* Shoping_VC.swift in Sources */ = {isa = PBXBuildFile; fileRef = 321753241B8C4087005CD8C3 /* Shoping_VC.swift */; };
		321753271B8C40BF005CD8C3 /* Personal_VC.swift in Sources */ = {isa = PBXBuildFile; fileRef = 321753261B8C40BF005CD8C3 /* Personal_VC.swift */; };
		321753331B8C423A005CD8C3 /* home_tab_branc_btn@2x.png in Resources */ = {isa = PBXBuildFile; fileRef = 321753291B8C423A005CD8C3 /* home_tab_branc_btn@2x.png */; };
		321753341B8C423A005CD8C3 /* home_tab_branc_selected_btn@2x.png in Resources */ = {isa = PBXBuildFile; fileRef = 3217532A1B8C423A005CD8C3 /* home_tab_branc_selected_btn@2x.png */; };
		321753351B8C423A005CD8C3 /* home_tab_home_btn@2x.png in Resources */ = {isa = PBXBuildFile; fileRef = 3217532B1B8C423A005CD8C3 /* home_tab_home_btn@2x.png */; };
		321753361B8C423A005CD8C3 /* home_tab_home_selected_btn@2x.png in Resources */ = {isa = PBXBuildFile; fileRef = 3217532C1B8C423A005CD8C3 /* home_tab_home_selected_btn@2x.png */; };
		321753371B8C423A005CD8C3 /* home_tab_personal_btn@2x.png in Resources */ = {isa = PBXBuildFile; fileRef = 3217532D1B8C423A005CD8C3 /* home_tab_personal_btn@2x.png */; };
		321753381B8C423A005CD8C3 /* home_tab_personal_selected_btn@2x.png in Resources */ = {isa = PBXBuildFile; fileRef = 3217532E1B8C423A005CD8C3 /* home_tab_personal_selected_btn@2x.png */; };
		321753391B8C423A005CD8C3 /* home_tab_point_btn@2x.png in Resources */ = {isa = PBXBuildFile; fileRef = 3217532F1B8C423A005CD8C3 /* home_tab_point_btn@2x.png */; };
		3217533A1B8C423A005CD8C3 /* home_tab_point_selected_btn@2x.png in Resources */ = {isa = PBXBuildFile; fileRef = 321753301B8C423A005CD8C3 /* home_tab_point_selected_btn@2x.png */; };
		3217533B1B8C423A005CD8C3 /* home_tab_saunter_btn@2x.png in Resources */ = {isa = PBXBuildFile; fileRef = 321753311B8C423A005CD8C3 /* home_tab_saunter_btn@2x.png */; };
		3217533C1B8C423A005CD8C3 /* home_tab_saunter_selected_btn@2x.png in Resources */ = {isa = PBXBuildFile; fileRef = 321753321B8C423A005CD8C3 /* home_tab_saunter_selected_btn@2x.png */; };
		3217533F1B8C42B1005CD8C3 /* CustomTabBar.swift in Sources */ = {isa = PBXBuildFile; fileRef = 3217533E1B8C42B1005CD8C3 /* CustomTabBar.swift */; };
		321753411B8C42B9005CD8C3 /* LBNvc.swift in Sources */ = {isa = PBXBuildFile; fileRef = 321753401B8C42B9005CD8C3 /* LBNvc.swift */; };
		321753431B8C4310005CD8C3 /* Public.swift in Sources */ = {isa = PBXBuildFile; fileRef = 321753421B8C4310005CD8C3 /* Public.swift */; };
/* End PBXBuildFile section */

/* Begin PBXContainerItemProxy section */
		3217530F1B8C3DAA005CD8C3 /* PBXContainerItemProxy */ = {
			isa = PBXContainerItemProxy;
			containerPortal = 321752F11B8C3DAA005CD8C3 /* Project object */;
			proxyType = 1;
			remoteGlobalIDString = 321752F81B8C3DAA005CD8C3;
			remoteInfo = LBTabBar;
		};
/* End PBXContainerItemProxy section */

/* Begin PBXFileReference section */
		321752F91B8C3DAA005CD8C3 /* LBTabBar.app */ = {isa = PBXFileReference; explicitFileType = wrapper.application; includeInIndex = 0; path = LBTabBar.app; sourceTree = BUILT_PRODUCTS_DIR; };
		321752FD1B8C3DAA005CD8C3 /* Info.plist */ = {isa = PBXFileReference; lastKnownFileType = text.plist.xml; path = Info.plist; sourceTree = "<group>"; };
		321752FE1B8C3DAA005CD8C3 /* AppDelegate.swift */ = {isa = PBXFileReference; lastKnownFileType = sourcecode.swift; path = AppDelegate.swift; sourceTree = "<group>"; };
		321753031B8C3DAA005CD8C3 /* Base */ = {isa = PBXFileReference; lastKnownFileType = file.storyboard; name = Base; path = Base.lproj/Main.storyboard; sourceTree = "<group>"; };
		321753051B8C3DAA005CD8C3 /* Images.xcassets */ = {isa = PBXFileReference; lastKnownFileType = folder.assetcatalog; path = Images.xcassets; sourceTree = "<group>"; };
		321753081B8C3DAA005CD8C3 /* Base */ = {isa = PBXFileReference; lastKnownFileType = file.xib; name = Base; path = Base.lproj/LaunchScreen.xib; sourceTree = "<group>"; };
		3217530E1B8C3DAA005CD8C3 /* LBTabBarTests.xctest */ = {isa = PBXFileReference; explicitFileType = wrapper.cfbundle; includeInIndex = 0; path = LBTabBarTests.xctest; sourceTree = BUILT_PRODUCTS_DIR; };
		321753131B8C3DAA005CD8C3 /* Info.plist */ = {isa = PBXFileReference; lastKnownFileType = text.plist.xml; path = Info.plist; sourceTree = "<group>"; };
		321753141B8C3DAA005CD8C3 /* LBTabBarTests.swift */ = {isa = PBXFileReference; lastKnownFileType = sourcecode.swift; path = LBTabBarTests.swift; sourceTree = "<group>"; };
		3217531E1B8C3E6E005CD8C3 /* Home_VC.swift */ = {isa = PBXFileReference; fileEncoding = 4; lastKnownFileType = sourcecode.swift; path = Home_VC.swift; sourceTree = "<group>"; };
		321753201B8C401A005CD8C3 /* Class_VC.swift */ = {isa = PBXFileReference; fileEncoding = 4; lastKnownFileType = sourcecode.swift; path = Class_VC.swift; sourceTree = "<group>"; };
		321753221B8C404B005CD8C3 /* Brand_VC.swift */ = {isa = PBXFileReference; fileEncoding = 4; lastKnownFileType = sourcecode.swift; path = Brand_VC.swift; sourceTree = "<group>"; };
		321753241B8C4087005CD8C3 /* Shoping_VC.swift */ = {isa = PBXFileReference; fileEncoding = 4; lastKnownFileType = sourcecode.swift; path = Shoping_VC.swift; sourceTree = "<group>"; };
		321753261B8C40BF005CD8C3 /* Personal_VC.swift */ = {isa = PBXFileReference; fileEncoding = 4; lastKnownFileType = sourcecode.swift; path = Personal_VC.swift; sourceTree = "<group>"; };
		321753291B8C423A005CD8C3 /* home_tab_branc_btn@2x.png */ = {isa = PBXFileReference; lastKnownFileType = image.png; path = "home_tab_branc_btn@2x.png"; sourceTree = "<group>"; };
		3217532A1B8C423A005CD8C3 /* home_tab_branc_selected_btn@2x.png */ = {isa = PBXFileReference; lastKnownFileType = image.png; path = "home_tab_branc_selected_btn@2x.png"; sourceTree = "<group>"; };
		3217532B1B8C423A005CD8C3 /* home_tab_home_btn@2x.png */ = {isa = PBXFileReference; lastKnownFileType = image.png; path = "home_tab_home_btn@2x.png"; sourceTree = "<group>"; };
		3217532C1B8C423A005CD8C3 /* home_tab_home_selected_btn@2x.png */ = {isa = PBXFileReference; lastKnownFileType = image.png; path = "home_tab_home_selected_btn@2x.png"; sourceTree = "<group>"; };
		3217532D1B8C423A005CD8C3 /* home_tab_personal_btn@2x.png */ = {isa = PBXFileReference; lastKnownFileType = image.png; path = "home_tab_personal_btn@2x.png"; sourceTree = "<group>"; };
		3217532E1B8C423A005CD8C3 /* home_tab_personal_selected_btn@2x.png */ = {isa = PBXFileReference; lastKnownFileType = image.png; path = "home_tab_personal_selected_btn@2x.png"; sourceTree = "<group>"; };
		3217532F1B8C423A005CD8C3 /* home_tab_point_btn@2x.png */ = {isa = PBXFileReference; lastKnownFileType = image.png; path = "home_tab_point_btn@2x.png"; sourceTree = "<group>"; };
		321753301B8C423A005CD8C3 /* home_tab_point_selected_btn@2x.png */ = {isa = PBXFileReference; lastKnownFileType = image.png; path = "home_tab_point_selected_btn@2x.png"; sourceTree = "<group>"; };
		321753311B8C423A005CD8C3 /* home_tab_saunter_btn@2x.png */ = {isa = PBXFileReference; lastKnownFileType = image.png; path = "home_tab_saunter_btn@2x.png"; sourceTree = "<group>"; };
		321753321B8C423A005CD8C3 /* home_tab_saunter_selected_btn@2x.png */ = {isa = PBXFileReference; lastKnownFileType = image.png; path = "home_tab_saunter_selected_btn@2x.png"; sourceTree = "<group>"; };
		3217533E1B8C42B1005CD8C3 /* CustomTabBar.swift */ = {isa = PBXFileReference; fileEncoding = 4; lastKnownFileType = sourcecode.swift; path = CustomTabBar.swift; sourceTree = "<group>"; };
		321753401B8C42B9005CD8C3 /* LBNvc.swift */ = {isa = PBXFileReference; fileEncoding = 4; lastKnownFileType = sourcecode.swift; path = LBNvc.swift; sourceTree = "<group>"; };
		321753421B8C4310005CD8C3 /* Public.swift */ = {isa = PBXFileReference; fileEncoding = 4; lastKnownFileType = sourcecode.swift; path = Public.swift; sourceTree = "<group>"; };
/* End PBXFileReference section */

/* Begin PBXFrameworksBuildPhase section */
		321752F61B8C3DAA005CD8C3 /* Frameworks */ = {
			isa = PBXFrameworksBuildPhase;
			buildActionMask = 2147483647;
			files = (
			);
			runOnlyForDeploymentPostprocessing = 0;
		};
		3217530B1B8C3DAA005CD8C3 /* Frameworks */ = {
			isa = PBXFrameworksBuildPhase;
			buildActionMask = 2147483647;
			files = (
			);
			runOnlyForDeploymentPostprocessing = 0;
		};
/* End PBXFrameworksBuildPhase section */

/* Begin PBXGroup section */
		321752F01B8C3DAA005CD8C3 = {
			isa = PBXGroup;
			children = (
				321752FB1B8C3DAA005CD8C3 /* LBTabBar */,
				321753111B8C3DAA005CD8C3 /* LBTabBarTests */,
				321752FA1B8C3DAA005CD8C3 /* Products */,
			);
			sourceTree = "<group>";
		};
		321752FA1B8C3DAA005CD8C3 /* Products */ = {
			isa = PBXGroup;
			children = (
				321752F91B8C3DAA005CD8C3 /* LBTabBar.app */,
				3217530E1B8C3DAA005CD8C3 /* LBTabBarTests.xctest */,
			);
			name = Products;
			sourceTree = "<group>";
		};
		321752FB1B8C3DAA005CD8C3 /* LBTabBar */ = {
			isa = PBXGroup;
			children = (
				321753451B8C472E005CD8C3 /* CustomTabBar */,
				321753281B8C415B005CD8C3 /* Img */,
				321752FE1B8C3DAA005CD8C3 /* AppDelegate.swift */,
				3217531E1B8C3E6E005CD8C3 /* Home_VC.swift */,
				321753201B8C401A005CD8C3 /* Class_VC.swift */,
				321753221B8C404B005CD8C3 /* Brand_VC.swift */,
				321753241B8C4087005CD8C3 /* Shoping_VC.swift */,
				321753261B8C40BF005CD8C3 /* Personal_VC.swift */,
				321753021B8C3DAA005CD8C3 /* Main.storyboard */,
				321753051B8C3DAA005CD8C3 /* Images.xcassets */,
				321753071B8C3DAA005CD8C3 /* LaunchScreen.xib */,
				321752FC1B8C3DAA005CD8C3 /* Supporting Files */,
			);
			path = LBTabBar;
			sourceTree = "<group>";
		};
		321752FC1B8C3DAA005CD8C3 /* Supporting Files */ = {
			isa = PBXGroup;
			children = (
				321752FD1B8C3DAA005CD8C3 /* Info.plist */,
			);
			name = "Supporting Files";
			sourceTree = "<group>";
		};
		321753111B8C3DAA005CD8C3 /* LBTabBarTests */ = {
			isa = PBXGroup;
			children = (
				321753141B8C3DAA005CD8C3 /* LBTabBarTests.swift */,
				321753121B8C3DAA005CD8C3 /* Supporting Files */,
			);
			path = LBTabBarTests;
			sourceTree = "<group>";
		};
		321753121B8C3DAA005CD8C3 /* Supporting Files */ = {
			isa = PBXGroup;
			children = (
				321753131B8C3DAA005CD8C3 /* Info.plist */,
			);
			name = "Supporting Files";
			sourceTree = "<group>";
		};
		321753281B8C415B005CD8C3 /* Img */ = {
			isa = PBXGroup;
			children = (
				321753291B8C423A005CD8C3 /* home_tab_branc_btn@2x.png */,
				3217532A1B8C423A005CD8C3 /* home_tab_branc_selected_btn@2x.png */,
				3217532B1B8C423A005CD8C3 /* home_tab_home_btn@2x.png */,
				3217532C1B8C423A005CD8C3 /* home_tab_home_selected_btn@2x.png */,
				3217532D1B8C423A005CD8C3 /* home_tab_personal_btn@2x.png */,
				3217532E1B8C423A005CD8C3 /* home_tab_personal_selected_btn@2x.png */,
				3217532F1B8C423A005CD8C3 /* home_tab_point_btn@2x.png */,
				321753301B8C423A005CD8C3 /* home_tab_point_selected_btn@2x.png */,
				321753311B8C423A005CD8C3 /* home_tab_saunter_btn@2x.png */,
				321753321B8C423A005CD8C3 /* home_tab_saunter_selected_btn@2x.png */,
			);
			name = Img;
			sourceTree = "<group>";
		};
		321753451B8C472E005CD8C3 /* CustomTabBar */ = {
			isa = PBXGroup;
			children = (
				3217533E1B8C42B1005CD8C3 /* CustomTabBar.swift */,
				321753401B8C42B9005CD8C3 /* LBNvc.swift */,
				321753421B8C4310005CD8C3 /* Public.swift */,
			);
			name = CustomTabBar;
			sourceTree = "<group>";
		};
/* End PBXGroup section */

/* Begin PBXNativeTarget section */
		321752F81B8C3DAA005CD8C3 /* LBTabBar */ = {
			isa = PBXNativeTarget;
			buildConfigurationList = 321753181B8C3DAA005CD8C3 /* Build configuration list for PBXNativeTarget "LBTabBar" */;
			buildPhases = (
				321752F51B8C3DAA005CD8C3 /* Sources */,
				321752F61B8C3DAA005CD8C3 /* Frameworks */,
				321752F71B8C3DAA005CD8C3 /* Resources */,
			);
			buildRules = (
			);
			dependencies = (
			);
			name = LBTabBar;
			productName = LBTabBar;
			productReference = 321752F91B8C3DAA005CD8C3 /* LBTabBar.app */;
			productType = "com.apple.product-type.application";
		};
		3217530D1B8C3DAA005CD8C3 /* LBTabBarTests */ = {
			isa = PBXNativeTarget;
			buildConfigurationList = 3217531B1B8C3DAA005CD8C3 /* Build configuration list for PBXNativeTarget "LBTabBarTests" */;
			buildPhases = (
				3217530A1B8C3DAA005CD8C3 /* Sources */,
				3217530B1B8C3DAA005CD8C3 /* Frameworks */,
				3217530C1B8C3DAA005CD8C3 /* Resources */,
			);
			buildRules = (
			);
			dependencies = (
				321753101B8C3DAA005CD8C3 /* PBXTargetDependency */,
			);
			name = LBTabBarTests;
			productName = LBTabBarTests;
			productReference = 3217530E1B8C3DAA005CD8C3 /* LBTabBarTests.xctest */;
			productType = "com.apple.product-type.bundle.unit-test";
		};
/* End PBXNativeTarget section */

/* Begin PBXProject section */
		321752F11B8C3DAA005CD8C3 /* Project object */ = {
			isa = PBXProject;
			attributes = {
				LastUpgradeCheck = 0630;
				ORGANIZATIONNAME = Bison;
				TargetAttributes = {
					321752F81B8C3DAA005CD8C3 = {
						CreatedOnToolsVersion = 6.3;
					};
					3217530D1B8C3DAA005CD8C3 = {
						CreatedOnToolsVersion = 6.3;
						TestTargetID = 321752F81B8C3DAA005CD8C3;
					};
				};
			};
			buildConfigurationList = 321752F41B8C3DAA005CD8C3 /* Build configuration list for PBXProject "LBTabBar" */;
			compatibilityVersion = "Xcode 3.2";
			developmentRegion = English;
			hasScannedForEncodings = 0;
			knownRegions = (
				en,
				Base,
			);
			mainGroup = 321752F01B8C3DAA005CD8C3;
			productRefGroup = 321752FA1B8C3DAA005CD8C3 /* Products */;
			projectDirPath = "";
			projectRoot = "";
			targets = (
				321752F81B8C3DAA005CD8C3 /* LBTabBar */,
				3217530D1B8C3DAA005CD8C3 /* LBTabBarTests */,
			);
		};
/* End PBXProject section */

/* Begin PBXResourcesBuildPhase section */
		321752F71B8C3DAA005CD8C3 /* Resources */ = {
			isa = PBXResourcesBuildPhase;
			buildActionMask = 2147483647;
			files = (
				3217533C1B8C423A005CD8C3 /* home_tab_saunter_selected_btn@2x.png in Resources */,
				321753341B8C423A005CD8C3 /* home_tab_branc_selected_btn@2x.png in Resources */,
				321753041B8C3DAA005CD8C3 /* Main.storyboard in Resources */,
				321753381B8C423A005CD8C3 /* home_tab_personal_selected_btn@2x.png in Resources */,
				321753331B8C423A005CD8C3 /* home_tab_branc_btn@2x.png in Resources */,
				321753361B8C423A005CD8C3 /* home_tab_home_selected_btn@2x.png in Resources */,
				321753351B8C423A005CD8C3 /* home_tab_home_btn@2x.png in Resources */,
				321753091B8C3DAA005CD8C3 /* LaunchScreen.xib in Resources */,
				3217533A1B8C423A005CD8C3 /* home_tab_point_selected_btn@2x.png in Resources */,
				321753391B8C423A005CD8C3 /* home_tab_point_btn@2x.png in Resources */,
				321753371B8C423A005CD8C3 /* home_tab_personal_btn@2x.png in Resources */,
				321753061B8C3DAA005CD8C3 /* Images.xcassets in Resources */,
				3217533B1B8C423A005CD8C3 /* home_tab_saunter_btn@2x.png in Resources */,
			);
			runOnlyForDeploymentPostprocessing = 0;
		};
		3217530C1B8C3DAA005CD8C3 /* Resources */ = {
			isa = PBXResourcesBuildPhase;
			buildActionMask = 2147483647;
			files = (
			);
			runOnlyForDeploymentPostprocessing = 0;
		};
/* End PBXResourcesBuildPhase section */

/* Begin PBXSourcesBuildPhase section */
		321752F51B8C3DAA005CD8C3 /* Sources */ = {
			isa = PBXSourcesBuildPhase;
			buildActionMask = 2147483647;
			files = (
				321753251B8C4087005CD8C3 /* Shoping_VC.swift in Sources */,
				3217531F1B8C3E6E005CD8C3 /* Home_VC.swift in Sources */,
				321753431B8C4310005CD8C3 /* Public.swift in Sources */,
				3217533F1B8C42B1005CD8C3 /* CustomTabBar.swift in Sources */,
				321753411B8C42B9005CD8C3 /* LBNvc.swift in Sources */,
				321752FF1B8C3DAA005CD8C3 /* AppDelegate.swift in Sources */,
				321753211B8C401A005CD8C3 /* Class_VC.swift in Sources */,
				321753231B8C404B005CD8C3 /* Brand_VC.swift in Sources */,
				321753271B8C40BF005CD8C3 /* Personal_VC.swift in Sources */,
			);
			runOnlyForDeploymentPostprocessing = 0;
		};
		3217530A1B8C3DAA005CD8C3 /* Sources */ = {
			isa = PBXSourcesBuildPhase;
			buildActionMask = 2147483647;
			files = (
				321753151B8C3DAA005CD8C3 /* LBTabBarTests.swift in Sources */,
			);
			runOnlyForDeploymentPostprocessing = 0;
		};
/* End PBXSourcesBuildPhase section */

/* Begin PBXTargetDependency section */
		321753101B8C3DAA005CD8C3 /* PBXTargetDependency */ = {
			isa = PBXTargetDependency;
			target = 321752F81B8C3DAA005CD8C3 /* LBTabBar */;
			targetProxy = 3217530F1B8C3DAA005CD8C3 /* PBXContainerItemProxy */;
		};
/* End PBXTargetDependency section */

/* Begin PBXVariantGroup section */
		321753021B8C3DAA005CD8C3 /* Main.storyboard */ = {
			isa = PBXVariantGroup;
			children = (
				321753031B8C3DAA005CD8C3 /* Base */,
			);
			name = Main.storyboard;
			sourceTree = "<group>";
		};
		321753071B8C3DAA005CD8C3 /* LaunchScreen.xib */ = {
			isa = PBXVariantGroup;
			children = (
				321753081B8C3DAA005CD8C3 /* Base */,
			);
			name = LaunchScreen.xib;
			sourceTree = "<group>";
		};
/* End PBXVariantGroup section */

/* Begin XCBuildConfiguration section */
		321753161B8C3DAA005CD8C3 /* Debug */ = {
			isa = XCBuildConfiguration;
			buildSettings = {
				ALWAYS_SEARCH_USER_PATHS = NO;
				CLANG_CXX_LANGUAGE_STANDARD = "gnu++0x";
				CLANG_CXX_LIBRARY = "libc++";
				CLANG_ENABLE_MODULES = YES;
				CLANG_ENABLE_OBJC_ARC = YES;
				CLANG_WARN_BOOL_CONVERSION = YES;
				CLANG_WARN_CONSTANT_CONVERSION = YES;
				CLANG_WARN_DIRECT_OBJC_ISA_USAGE = YES_ERROR;
				CLANG_WARN_EMPTY_BODY = YES;
				CLANG_WARN_ENUM_CONVERSION = YES;
				CLANG_WARN_INT_CONVERSION = YES;
				CLANG_WARN_OBJC_ROOT_CLASS = YES_ERROR;
				CLANG_WARN_UNREACHABLE_CODE = YES;
				CLANG_WARN__DUPLICATE_METHOD_MATCH = YES;
				"CODE_SIGN_IDENTITY[sdk=iphoneos*]" = "iPhone Developer";
				COPY_PHASE_STRIP = NO;
				DEBUG_INFORMATION_FORMAT = "dwarf-with-dsym";
				ENABLE_STRICT_OBJC_MSGSEND = YES;
				GCC_C_LANGUAGE_STANDARD = gnu99;
				GCC_DYNAMIC_NO_PIC = NO;
				GCC_NO_COMMON_BLOCKS = YES;
				GCC_OPTIMIZATION_LEVEL = 0;
				GCC_PREPROCESSOR_DEFINITIONS = (
					"DEBUG=1",
					"$(inherited)",
				);
				GCC_SYMBOLS_PRIVATE_EXTERN = NO;
				GCC_WARN_64_TO_32_BIT_CONVERSION = YES;
				GCC_WARN_ABOUT_RETURN_TYPE = YES_ERROR;
				GCC_WARN_UNDECLARED_SELECTOR = YES;
				GCC_WARN_UNINITIALIZED_AUTOS = YES_AGGRESSIVE;
				GCC_WARN_UNUSED_FUNCTION = YES;
				GCC_WARN_UNUSED_VARIABLE = YES;
				IPHONEOS_DEPLOYMENT_TARGET = 8.3;
				MTL_ENABLE_DEBUG_INFO = YES;
				ONLY_ACTIVE_ARCH = YES;
				SDKROOT = iphoneos;
				SWIFT_OPTIMIZATION_LEVEL = "-Onone";
			};
			name = Debug;
		};
		321753171B8C3DAA005CD8C3 /* Release */ = {
			isa = XCBuildConfiguration;
			buildSettings = {
				ALWAYS_SEARCH_USER_PATHS = NO;
				CLANG_CXX_LANGUAGE_STANDARD = "gnu++0x";
				CLANG_CXX_LIBRARY = "libc++";
				CLANG_ENABLE_MODULES = YES;
				CLANG_ENABLE_OBJC_ARC = YES;
				CLANG_WARN_BOOL_CONVERSION = YES;
				CLANG_WARN_CONSTANT_CONVERSION = YES;
				CLANG_WARN_DIRECT_OBJC_ISA_USAGE = YES_ERROR;
				CLANG_WARN_EMPTY_BODY = YES;
				CLANG_WARN_ENUM_CONVERSION = YES;
				CLANG_WARN_INT_CONVERSION = YES;
				CLANG_WARN_OBJC_ROOT_CLASS = YES_ERROR;
				CLANG_WARN_UNREACHABLE_CODE = YES;
				CLANG_WARN__DUPLICATE_METHOD_MATCH = YES;
				"CODE_SIGN_IDENTITY[sdk=iphoneos*]" = "iPhone Developer";
				COPY_PHASE_STRIP = NO;
				DEBUG_INFORMATION_FORMAT = "dwarf-with-dsym";
				ENABLE_NS_ASSERTIONS = NO;
				ENABLE_STRICT_OBJC_MSGSEND = YES;
				GCC_C_LANGUAGE_STANDARD = gnu99;
				GCC_NO_COMMON_BLOCKS = YES;
				GCC_WARN_64_TO_32_BIT_CONVERSION = YES;
				GCC_WARN_ABOUT_RETURN_TYPE = YES_ERROR;
				GCC_WARN_UNDECLARED_SELECTOR = YES;
				GCC_WARN_UNINITIALIZED_AUTOS = YES_AGGRESSIVE;
				GCC_WARN_UNUSED_FUNCTION = YES;
				GCC_WARN_UNUSED_VARIABLE = YES;
				IPHONEOS_DEPLOYMENT_TARGET = 8.3;
				MTL_ENABLE_DEBUG_INFO = NO;
				SDKROOT = iphoneos;
				VALIDATE_PRODUCT = YES;
			};
			name = Release;
		};
		321753191B8C3DAA005CD8C3 /* Debug */ = {
			isa = XCBuildConfiguration;
			buildSettings = {
				ASSETCATALOG_COMPILER_APPICON_NAME = AppIcon;
				INFOPLIST_FILE = LBTabBar/Info.plist;
				LD_RUNPATH_SEARCH_PATHS = "$(inherited) @executable_path/Frameworks";
				PRODUCT_NAME = "$(TARGET_NAME)";
			};
			name = Debug;
		};
		3217531A1B8C3DAA005CD8C3 /* Release */ = {
			isa = XCBuildConfiguration;
			buildSettings = {
				ASSETCATALOG_COMPILER_APPICON_NAME = AppIcon;
				INFOPLIST_FILE = LBTabBar/Info.plist;
				LD_RUNPATH_SEARCH_PATHS = "$(inherited) @executable_path/Frameworks";
				PRODUCT_NAME = "$(TARGET_NAME)";
			};
			name = Release;
		};
		3217531C1B8C3DAA005CD8C3 /* Debug */ = {
			isa = XCBuildConfiguration;
			buildSettings = {
				BUNDLE_LOADER = "$(TEST_HOST)";
				FRAMEWORK_SEARCH_PATHS = (
					"$(SDKROOT)/Developer/Library/Frameworks",
					"$(inherited)",
				);
				GCC_PREPROCESSOR_DEFINITIONS = (
					"DEBUG=1",
					"$(inherited)",
				);
				INFOPLIST_FILE = LBTabBarTests/Info.plist;
				LD_RUNPATH_SEARCH_PATHS = "$(inherited) @executable_path/Frameworks @loader_path/Frameworks";
				PRODUCT_NAME = "$(TARGET_NAME)";
				TEST_HOST = "$(BUILT_PRODUCTS_DIR)/LBTabBar.app/LBTabBar";
			};
			name = Debug;
		};
		3217531D1B8C3DAA005CD8C3 /* Release */ = {
			isa = XCBuildConfiguration;
			buildSettings = {
				BUNDLE_LOADER = "$(TEST_HOST)";
				FRAMEWORK_SEARCH_PATHS = (
					"$(SDKROOT)/Developer/Library/Frameworks",
					"$(inherited)",
				);
				INFOPLIST_FILE = LBTabBarTests/Info.plist;
				LD_RUNPATH_SEARCH_PATHS = "$(inherited) @executable_path/Frameworks @loader_path/Frameworks";
				PRODUCT_NAME = "$(TARGET_NAME)";
				TEST_HOST = "$(BUILT_PRODUCTS_DIR)/LBTabBar.app/LBTabBar";
			};
			name = Release;
		};
/* End XCBuildConfiguration section */

/* Begin XCConfigurationList section */
		321752F41B8C3DAA005CD8C3 /* Build configuration list for PBXProject "LBTabBar" */ = {
			isa = XCConfigurationList;
			buildConfigurations = (
				321753161B8C3DAA005CD8C3 /* Debug */,
				321753171B8C3DAA005CD8C3 /* Release */,
			);
			defaultConfigurationIsVisible = 0;
			defaultConfigurationName = Release;
		};
		321753181B8C3DAA005CD8C3 /* Build configuration list for PBXNativeTarget "LBTabBar" */ = {
			isa = XCConfigurationList;
			buildConfigurations = (
				321753191B8C3DAA005CD8C3 /* Debug */,
				3217531A1B8C3DAA005CD8C3 /* Release */,
			);
			defaultConfigurationIsVisible = 0;
		};
		3217531B1B8C3DAA005CD8C3 /* Build configuration list for PBXNativeTarget "LBTabBarTests" */ = {
			isa = XCConfigurationList;
			buildConfigurations = (
				3217531C1B8C3DAA005CD8C3 /* Debug */,
				3217531D1B8C3DAA005CD8C3 /* Release */,
			);
			defaultConfigurationIsVisible = 0;
		};
/* End XCConfigurationList section */
	};
	rootObject = 321752F11B8C3DAA005CD8C3 /* Project object */;
}
